{
  "object": {
    "pins": [
      {
        "package": "CodableExtensions",
        "repositoryURL": "https://github.com/rvenieris/CodableExtensions.git",
        "state": {
          "branch": "main",
          "revision": "5698b8fde715219b33042efd898d65a9a48dd73f",
          "version": null
        }
      }
    ]
  },
  "version": 1
}
