{
  "object": {
    "pins": [
      {
        "package": "CodableExtensions",
        "repositoryURL": "https://github.com/rvenieris/CodableExtension.git",
        "state": {
          "branch": "main",
          "revision": "3c7c6ba4d5552811c663d2d96f343e96c637b263",
          "version": null
        }
      }
    ]
  },
  "version": 1
}
